// !$*UTF8*$!
{
	archiveVersion = 1;
	classes = {
	};
	objectVersion = 50;
	objects = {

/* Begin PBXBuildFile section */
		DB17366B2396F69300502A7D /* AppDelegate.swift in Sources */ = {isa = PBXBuildFile; fileRef = DB17366A2396F69300502A7D /* AppDelegate.swift */; };
		DB17366D2396F69300502A7D /* SceneDelegate.swift in Sources */ = {isa = PBXBuildFile; fileRef = DB17366C2396F69300502A7D /* SceneDelegate.swift */; };
		DB1736722396F69300502A7D /* Main.storyboard in Resources */ = {isa = PBXBuildFile; fileRef = DB1736702396F69300502A7D /* Main.storyboard */; };
		DB1736742396F69400502A7D /* Assets.xcassets in Resources */ = {isa = PBXBuildFile; fileRef = DB1736732396F69400502A7D /* Assets.xcassets */; };
		DB1736772396F69400502A7D /* LaunchScreen.storyboard in Resources */ = {isa = PBXBuildFile; fileRef = DB1736752396F69400502A7D /* LaunchScreen.storyboard */; };
		DB1736812396F72800502A7D /* SearchResult.swift in Sources */ = {isa = PBXBuildFile; fileRef = DB1736802396F72800502A7D /* SearchResult.swift */; };
		DB1736832396F7E400502A7D /* ResultType.swift in Sources */ = {isa = PBXBuildFile; fileRef = DB1736822396F7E400502A7D /* ResultType.swift */; };
		DB1736872396F85700502A7D /* SearchResultController.swift in Sources */ = {isa = PBXBuildFile; fileRef = DB1736862396F85700502A7D /* SearchResultController.swift */; };
		DB1736892396FEEC00502A7D /* SearchResultsTableViewController.swift in Sources */ = {isa = PBXBuildFile; fileRef = DB1736882396FEEC00502A7D /* SearchResultsTableViewController.swift */; };
/* End PBXBuildFile section */

/* Begin PBXFileReference section */
		DB1736672396F69300502A7D /* iTunesSearch.app */ = {isa = PBXFileReference; explicitFileType = wrapper.application; includeInIndex = 0; path = iTunesSearch.app; sourceTree = BUILT_PRODUCTS_DIR; };
		DB17366A2396F69300502A7D /* AppDelegate.swift */ = {isa = PBXFileReference; lastKnownFileType = sourcecode.swift; path = AppDelegate.swift; sourceTree = "<group>"; };
		DB17366C2396F69300502A7D /* SceneDelegate.swift */ = {isa = PBXFileReference; lastKnownFileType = sourcecode.swift; path = SceneDelegate.swift; sourceTree = "<group>"; };
		DB1736712396F69300502A7D /* Base */ = {isa = PBXFileReference; lastKnownFileType = file.storyboard; name = Base; path = Base.lproj/Main.storyboard; sourceTree = "<group>"; };
		DB1736732396F69400502A7D /* Assets.xcassets */ = {isa = PBXFileReference; lastKnownFileType = folder.assetcatalog; path = Assets.xcassets; sourceTree = "<group>"; };
		DB1736762396F69400502A7D /* Base */ = {isa = PBXFileReference; lastKnownFileType = file.storyboard; name = Base; path = Base.lproj/LaunchScreen.storyboard; sourceTree = "<group>"; };
		DB1736782396F69400502A7D /* Info.plist */ = {isa = PBXFileReference; lastKnownFileType = text.plist.xml; path = Info.plist; sourceTree = "<group>"; };
		DB1736802396F72800502A7D /* SearchResult.swift */ = {isa = PBXFileReference; lastKnownFileType = sourcecode.swift; path = SearchResult.swift; sourceTree = "<group>"; };
		DB1736822396F7E400502A7D /* ResultType.swift */ = {isa = PBXFileReference; lastKnownFileType = sourcecode.swift; path = ResultType.swift; sourceTree = "<group>"; };
		DB1736862396F85700502A7D /* SearchResultController.swift */ = {isa = PBXFileReference; lastKnownFileType = sourcecode.swift; path = SearchResultController.swift; sourceTree = "<group>"; };
		DB1736882396FEEC00502A7D /* SearchResultsTableViewController.swift */ = {isa = PBXFileReference; lastKnownFileType = sourcecode.swift; path = SearchResultsTableViewController.swift; sourceTree = "<group>"; };
/* End PBXFileReference section */

/* Begin PBXFrameworksBuildPhase section */
		DB1736642396F69300502A7D /* Frameworks */ = {
			isa = PBXFrameworksBuildPhase;
			buildActionMask = 2147483647;
			files = (
			);
			runOnlyForDeploymentPostprocessing = 0;
		};
/* End PBXFrameworksBuildPhase section */

/* Begin PBXGroup section */
		DB17365E2396F69300502A7D = {
			isa = PBXGroup;
			children = (
				DB1736692396F69300502A7D /* iTunesSearch */,
				DB1736682396F69300502A7D /* Products */,
			);
			sourceTree = "<group>";
		};
		DB1736682396F69300502A7D /* Products */ = {
			isa = PBXGroup;
			children = (
				DB1736672396F69300502A7D /* iTunesSearch.app */,
			);
			name = Products;
			sourceTree = "<group>";
		};
		DB1736692396F69300502A7D /* iTunesSearch */ = {
			isa = PBXGroup;
			children = (
				DB1736852396F84B00502A7D /* Model Controllers */,
				DB1736842396F83700502A7D /* ViewControllers */,
				DB17367F2396F71D00502A7D /* Models */,
				DB1736702396F69300502A7D /* Main.storyboard */,
				DB1736782396F69400502A7D /* Info.plist */,
				DB17367E2396F6D500502A7D /* Resources */,
			);
			path = iTunesSearch;
			sourceTree = "<group>";
		};
		DB17367E2396F6D500502A7D /* Resources */ = {
			isa = PBXGroup;
			children = (
				DB17366A2396F69300502A7D /* AppDelegate.swift */,
				DB17366C2396F69300502A7D /* SceneDelegate.swift */,
				DB1736732396F69400502A7D /* Assets.xcassets */,
				DB1736752396F69400502A7D /* LaunchScreen.storyboard */,
			);
			path = Resources;
			sourceTree = "<group>";
		};
		DB17367F2396F71D00502A7D /* Models */ = {
			isa = PBXGroup;
			children = (
				DB1736802396F72800502A7D /* SearchResult.swift */,
				DB1736822396F7E400502A7D /* ResultType.swift */,
			);
			path = Models;
			sourceTree = "<group>";
		};
		DB1736842396F83700502A7D /* ViewControllers */ = {
			isa = PBXGroup;
			children = (
				DB1736882396FEEC00502A7D /* SearchResultsTableViewController.swift */,
			);
			path = ViewControllers;
			sourceTree = "<group>";
		};
		DB1736852396F84B00502A7D /* Model Controllers */ = {
			isa = PBXGroup;
			children = (
				DB1736862396F85700502A7D /* SearchResultController.swift */,
			);
			path = "Model Controllers";
			sourceTree = "<group>";
		};
/* End PBXGroup section */

/* Begin PBXNativeTarget section */
		DB1736662396F69300502A7D /* iTunesSearch */ = {
			isa = PBXNativeTarget;
			buildConfigurationList = DB17367B2396F69400502A7D /* Build configuration list for PBXNativeTarget "iTunesSearch" */;
			buildPhases = (
				DB1736632396F69300502A7D /* Sources */,
				DB1736642396F69300502A7D /* Frameworks */,
				DB1736652396F69300502A7D /* Resources */,
			);
			buildRules = (
			);
			dependencies = (
			);
			name = iTunesSearch;
			productName = iTunesSearch;
			productReference = DB1736672396F69300502A7D /* iTunesSearch.app */;
			productType = "com.apple.product-type.application";
		};
/* End PBXNativeTarget section */

/* Begin PBXProject section */
		DB17365F2396F69300502A7D /* Project object */ = {
			isa = PBXProject;
			attributes = {
				LastSwiftUpdateCheck = 1120;
				LastUpgradeCheck = 1120;
				ORGANIZATIONNAME = "Patrick Millet";
				TargetAttributes = {
					DB1736662396F69300502A7D = {
						CreatedOnToolsVersion = 11.2.1;
					};
				};
			};
			buildConfigurationList = DB1736622396F69300502A7D /* Build configuration list for PBXProject "iTunesSearch" */;
			compatibilityVersion = "Xcode 9.3";
			developmentRegion = en;
			hasScannedForEncodings = 0;
			knownRegions = (
				en,
				Base,
			);
			mainGroup = DB17365E2396F69300502A7D;
			productRefGroup = DB1736682396F69300502A7D /* Products */;
			projectDirPath = "";
			projectRoot = "";
			targets = (
				DB1736662396F69300502A7D /* iTunesSearch */,
			);
		};
/* End PBXProject section */

/* Begin PBXResourcesBuildPhase section */
		DB1736652396F69300502A7D /* Resources */ = {
			isa = PBXResourcesBuildPhase;
			buildActionMask = 2147483647;
			files = (
				DB1736772396F69400502A7D /* LaunchScreen.storyboard in Resources */,
				DB1736742396F69400502A7D /* Assets.xcassets in Resources */,
				DB1736722396F69300502A7D /* Main.storyboard in Resources */,
			);
			runOnlyForDeploymentPostprocessing = 0;
		};
/* End PBXResourcesBuildPhase section */

/* Begin PBXSourcesBuildPhase section */
		DB1736632396F69300502A7D /* Sources */ = {
			isa = PBXSourcesBuildPhase;
			buildActionMask = 2147483647;
			files = (
				DB1736832396F7E400502A7D /* ResultType.swift in Sources */,
				DB17366B2396F69300502A7D /* AppDelegate.swift in Sources */,
				DB1736892396FEEC00502A7D /* SearchResultsTableViewController.swift in Sources */,
				DB1736812396F72800502A7D /* SearchResult.swift in Sources */,
				DB17366D2396F69300502A7D /* SceneDelegate.swift in Sources */,
				DB1736872396F85700502A7D /* SearchResultController.swift in Sources */,
			);
			runOnlyForDeploymentPostprocessing = 0;
		};
/* End PBXSourcesBuildPhase section */

/* Begin PBXVariantGroup section */
		DB1736702396F69300502A7D /* Main.storyboard */ = {
			isa = PBXVariantGroup;
			children = (
				DB1736712396F69300502A7D /* Base */,
			);
			name = Main.storyboard;
			sourceTree = "<group>";
		};
		DB1736752396F69400502A7D /* LaunchScreen.storyboard */ = {
			isa = PBXVariantGroup;
			children = (
				DB1736762396F69400502A7D /* Base */,
			);
			name = LaunchScreen.storyboard;
			sourceTree = "<group>";
		};
/* End PBXVariantGroup section */

/* Begin XCBuildConfiguration section */
		DB1736792396F69400502A7D /* Debug */ = {
			isa = XCBuildConfiguration;
			buildSettings = {
				ALWAYS_SEARCH_USER_PATHS = NO;
				CLANG_ANALYZER_NONNULL = YES;
				CLANG_ANALYZER_NUMBER_OBJECT_CONVERSION = YES_AGGRESSIVE;
				CLANG_CXX_LANGUAGE_STANDARD = "gnu++14";
				CLANG_CXX_LIBRARY = "libc++";
				CLANG_ENABLE_MODULES = YES;
				CLANG_ENABLE_OBJC_ARC = YES;
				CLANG_ENABLE_OBJC_WEAK = YES;
				CLANG_WARN_BLOCK_CAPTURE_AUTORELEASING = YES;
				CLANG_WARN_BOOL_CONVERSION = YES;
				CLANG_WARN_COMMA = YES;
				CLANG_WARN_CONSTANT_CONVERSION = YES;
				CLANG_WARN_DEPRECATED_OBJC_IMPLEMENTATIONS = YES;
				CLANG_WARN_DIRECT_OBJC_ISA_USAGE = YES_ERROR;
				CLANG_WARN_DOCUMENTATION_COMMENTS = YES;
				CLANG_WARN_EMPTY_BODY = YES;
				CLANG_WARN_ENUM_CONVERSION = YES;
				CLANG_WARN_INFINITE_RECURSION = YES;
				CLANG_WARN_INT_CONVERSION = YES;
				CLANG_WARN_NON_LITERAL_NULL_CONVERSION = YES;
				CLANG_WARN_OBJC_IMPLICIT_RETAIN_SELF = YES;
				CLANG_WARN_OBJC_LITERAL_CONVERSION = YES;
				CLANG_WARN_OBJC_ROOT_CLASS = YES_ERROR;
				CLANG_WARN_RANGE_LOOP_ANALYSIS = YES;
				CLANG_WARN_STRICT_PROTOTYPES = YES;
				CLANG_WARN_SUSPICIOUS_MOVE = YES;
				CLANG_WARN_UNGUARDED_AVAILABILITY = YES_AGGRESSIVE;
				CLANG_WARN_UNREACHABLE_CODE = YES;
				CLANG_WARN__DUPLICATE_METHOD_MATCH = YES;
				COPY_PHASE_STRIP = NO;
				DEBUG_INFORMATION_FORMAT = dwarf;
				ENABLE_STRICT_OBJC_MSGSEND = YES;
				ENABLE_TESTABILITY = YES;
				GCC_C_LANGUAGE_STANDARD = gnu11;
				GCC_DYNAMIC_NO_PIC = NO;
				GCC_NO_COMMON_BLOCKS = YES;
				GCC_OPTIMIZATION_LEVEL = 0;
				GCC_PREPROCESSOR_DEFINITIONS = (
					"DEBUG=1",
					"$(inherited)",
				);
				GCC_WARN_64_TO_32_BIT_CONVERSION = YES;
				GCC_WARN_ABOUT_RETURN_TYPE = YES_ERROR;
				GCC_WARN_UNDECLARED_SELECTOR = YES;
				GCC_WARN_UNINITIALIZED_AUTOS = YES_AGGRESSIVE;
				GCC_WARN_UNUSED_FUNCTION = YES;
				GCC_WARN_UNUSED_VARIABLE = YES;
				IPHONEOS_DEPLOYMENT_TARGET = 13.2;
				MTL_ENABLE_DEBUG_INFO = INCLUDE_SOURCE;
				MTL_FAST_MATH = YES;
				ONLY_ACTIVE_ARCH = YES;
				SDKROOT = iphoneos;
				SWIFT_ACTIVE_COMPILATION_CONDITIONS = DEBUG;
				SWIFT_OPTIMIZATION_LEVEL = "-Onone";
			};
			name = Debug;
		};
		DB17367A2396F69400502A7D /* Release */ = {
			isa = XCBuildConfiguration;
			buildSettings = {
				ALWAYS_SEARCH_USER_PATHS = NO;
				CLANG_ANALYZER_NONNULL = YES;
				CLANG_ANALYZER_NUMBER_OBJECT_CONVERSION = YES_AGGRESSIVE;
				CLANG_CXX_LANGUAGE_STANDARD = "gnu++14";
				CLANG_CXX_LIBRARY = "libc++";
				CLANG_ENABLE_MODULES = YES;
				CLANG_ENABLE_OBJC_ARC = YES;
				CLANG_ENABLE_OBJC_WEAK = YES;
				CLANG_WARN_BLOCK_CAPTURE_AUTORELEASING = YES;
				CLANG_WARN_BOOL_CONVERSION = YES;
				CLANG_WARN_COMMA = YES;
				CLANG_WARN_CONSTANT_CONVERSION = YES;
				CLANG_WARN_DEPRECATED_OBJC_IMPLEMENTATIONS = YES;
				CLANG_WARN_DIRECT_OBJC_ISA_USAGE = YES_ERROR;
				CLANG_WARN_DOCUMENTATION_COMMENTS = YES;
				CLANG_WARN_EMPTY_BODY = YES;
				CLANG_WARN_ENUM_CONVERSION = YES;
				CLANG_WARN_INFINITE_RECURSION = YES;
				CLANG_WARN_INT_CONVERSION = YES;
				CLANG_WARN_NON_LITERAL_NULL_CONVERSION = YES;
				CLANG_WARN_OBJC_IMPLICIT_RETAIN_SELF = YES;
				CLANG_WARN_OBJC_LITERAL_CONVERSION = YES;
				CLANG_WARN_OBJC_ROOT_CLASS = YES_ERROR;
				CLANG_WARN_RANGE_LOOP_ANALYSIS = YES;
				CLANG_WARN_STRICT_PROTOTYPES = YES;
				CLANG_WARN_SUSPICIOUS_MOVE = YES;
				CLANG_WARN_UNGUARDED_AVAILABILITY = YES_AGGRESSIVE;
				CLANG_WARN_UNREACHABLE_CODE = YES;
				CLANG_WARN__DUPLICATE_METHOD_MATCH = YES;
				COPY_PHASE_STRIP = NO;
				DEBUG_INFORMATION_FORMAT = "dwarf-with-dsym";
				ENABLE_NS_ASSERTIONS = NO;
				ENABLE_STRICT_OBJC_MSGSEND = YES;
				GCC_C_LANGUAGE_STANDARD = gnu11;
				GCC_NO_COMMON_BLOCKS = YES;
				GCC_WARN_64_TO_32_BIT_CONVERSION = YES;
				GCC_WARN_ABOUT_RETURN_TYPE = YES_ERROR;
				GCC_WARN_UNDECLARED_SELECTOR = YES;
				GCC_WARN_UNINITIALIZED_AUTOS = YES_AGGRESSIVE;
				GCC_WARN_UNUSED_FUNCTION = YES;
				GCC_WARN_UNUSED_VARIABLE = YES;
				IPHONEOS_DEPLOYMENT_TARGET = 13.2;
				MTL_ENABLE_DEBUG_INFO = NO;
				MTL_FAST_MATH = YES;
				SDKROOT = iphoneos;
				SWIFT_COMPILATION_MODE = wholemodule;
				SWIFT_OPTIMIZATION_LEVEL = "-O";
				VALIDATE_PRODUCT = YES;
			};
			name = Release;
		};
		DB17367C2396F69400502A7D /* Debug */ = {
			isa = XCBuildConfiguration;
			buildSettings = {
				ASSETCATALOG_COMPILER_APPICON_NAME = AppIcon;
				CODE_SIGN_STYLE = Automatic;
				INFOPLIST_FILE = iTunesSearch/Info.plist;
				LD_RUNPATH_SEARCH_PATHS = (
					"$(inherited)",
					"@executable_path/Frameworks",
				);
				PRODUCT_BUNDLE_IDENTIFIER = com.patrickmillet.iTunesSearch;
				PRODUCT_NAME = "$(TARGET_NAME)";
				SWIFT_VERSION = 5.0;
				TARGETED_DEVICE_FAMILY = "1,2";
			};
			name = Debug;
		};
		DB17367D2396F69400502A7D /* Release */ = {
			isa = XCBuildConfiguration;
			buildSettings = {
				ASSETCATALOG_COMPILER_APPICON_NAME = AppIcon;
				CODE_SIGN_STYLE = Automatic;
				INFOPLIST_FILE = iTunesSearch/Info.plist;
				LD_RUNPATH_SEARCH_PATHS = (
					"$(inherited)",
					"@executable_path/Frameworks",
				);
				PRODUCT_BUNDLE_IDENTIFIER = com.patrickmillet.iTunesSearch;
				PRODUCT_NAME = "$(TARGET_NAME)";
				SWIFT_VERSION = 5.0;
				TARGETED_DEVICE_FAMILY = "1,2";
			};
			name = Release;
		};
/* End XCBuildConfiguration section */

/* Begin XCConfigurationList section */
		DB1736622396F69300502A7D /* Build configuration list for PBXProject "iTunesSearch" */ = {
			isa = XCConfigurationList;
			buildConfigurations = (
				DB1736792396F69400502A7D /* Debug */,
				DB17367A2396F69400502A7D /* Release */,
			);
			defaultConfigurationIsVisible = 0;
			defaultConfigurationName = Release;
		};
		DB17367B2396F69400502A7D /* Build configuration list for PBXNativeTarget "iTunesSearch" */ = {
			isa = XCConfigurationList;
			buildConfigurations = (
				DB17367C2396F69400502A7D /* Debug */,
				DB17367D2396F69400502A7D /* Release */,
			);
			defaultConfigurationIsVisible = 0;
			defaultConfigurationName = Release;
		};
/* End XCConfigurationList section */
	};
	rootObject = DB17365F2396F69300502A7D /* Project object */;
}
